# This file is autogenerated, do not edit; changes may be undone by the next 'dep ensure'.


[[projects]]
  digest = "1:93d800e83cb74378b11548f96c55c4d6f5db1cdc26354f304b73021aeb65d8f0"
  name = "cloud.google.com/go"
  packages = [
    "bigquery",
    "civil",
    "compute/metadata",
    "iam",
    "internal",
    "internal/fields",
    "internal/optional",
    "internal/trace",
    "internal/version",
    "storage",
  ]
  pruneopts = "NUT"
  revision = "c9474f2f8deb81759839474b6bd1726bbfe1c1c4"
  version = "v0.36.0"

[[projects]]
  digest = "1:1b91ae0dc69a41d4c2ed23ea5cffb721ea63f5037ca4b81e6d6771fbb8f45129"
  name = "github.com/fsnotify/fsnotify"
  packages = ["."]
  pruneopts = "NUT"
  revision = "c2828203cd70a50dcccfb2761f8b1f8ceef9a8e9"
  version = "v1.4.7"

[[projects]]
  digest = "1:13e9a236e56e18fecb73f5b2f2eb7f60060a1a9bc27e5a7328ab22e275ecb63e"
  name = "github.com/go-sql-driver/mysql"
  packages = ["."]
  pruneopts = "NUT"
  revision = "72cd26f257d44c1114970e19afddcd812016007e"
  version = "v1.4.1"

[[projects]]
  digest = "1:a98a0b00720dc3149bf3d0c8d5726188899e5bab2f5072b9a7ef82958fbc98b2"
  name = "github.com/golang/protobuf"
  packages = [
    "proto",
    "protoc-gen-go/descriptor",
    "ptypes",
    "ptypes/any",
    "ptypes/duration",
    "ptypes/timestamp",
  ]
  pruneopts = "NUT"
  revision = "c823c79ea1570fb5ff454033735a8e68575d1d0f"
  version = "v1.3.0"

[[projects]]
  branch = "master"
  digest = "1:7f114b78210bf5b75f307fc97cff293633c835bab1e0ea8a744a44b39c042dfe"
  name = "github.com/golang/snappy"
  packages = ["."]
  pruneopts = "NUT"
  revision = "2a8bb927dd31d8daada140a5d09578521ce5c36a"

[[projects]]
  digest = "1:fa300677001e58a995e10afe4e251d2a6e30d3815a234d553b5810db7795d5a2"
  name = "github.com/googleapis/gax-go"
  packages = ["v2"]
  pruneopts = "NUT"
  revision = "c8a15bac9b9fe955bd9f900272f9a306465d28cf"
  version = "v2.0.3"

[[projects]]
  digest = "1:11c6c696067d3127ecf332b10f89394d386d9083f82baf71f40f2da31841a009"
  name = "github.com/hashicorp/hcl"
  packages = [
    ".",
    "hcl/ast",
    "hcl/parser",
    "hcl/printer",
    "hcl/scanner",
    "hcl/strconv",
    "hcl/token",
    "json/parser",
    "json/scanner",
    "json/token",
  ]
  pruneopts = "NUT"
  revision = "8cb6e5b959231cc1119e43259c4a608f9c51a241"
  version = "v1.0.0"

[[projects]]
  digest = "1:406338ad39ab2e37b7f4452906442a3dbf0eb3379dd1f06aafb5c07e769a5fbb"
  name = "github.com/inconshreveable/mousetrap"
  packages = ["."]
  pruneopts = "NUT"
  revision = "76626ae9c91c4f2a10f34cad8ce83ea42c93bb75"
  version = "v1.0"

[[projects]]
  digest = "1:ffe6d22e7c362a5f69fb7df934efecf9068cf37ce6c4f8306b68ff864c1ff69d"
  name = "github.com/influxdata/influxdb"
  packages = [
    "client",
    "models",
    "pkg/escape",
  ]
  pruneopts = "NUT"
  revision = "ef77e72f435b71b1ad6da7d6a6a4c4a262439379"
  version = "v1.7.4"

[[projects]]
  digest = "1:937258f1293bc9295b4789b0abea5b4ec030e3caecb65a4e1dc0b6999957a5ed"
  name = "github.com/influxdata/platform"
  packages = [
    "models",
    "pkg/escape",
  ]
  pruneopts = "NUT"
  revision = "0f79e4ea3248354c789cba274542e0a8e55971db"

[[projects]]
  digest = "1:0c11e987235e8f37af4e9f24cca02754827d009e8b66cf24483b0006504f6045"
  name = "github.com/jmoiron/sqlx"
  packages = [
    ".",
    "reflectx",
  ]
  pruneopts = "NUT"
  revision = "d161d7a76b5661016ad0b085869f77fd410f3e6a"
  version = "v1.2.0"

[[projects]]
  digest = "1:7b21c7fc5551b46d1308b4ffa9e9e49b66c7a8b0ba88c0130474b0e7a20d859f"
  name = "github.com/kr/pretty"
  packages = ["."]
  pruneopts = "NUT"
  revision = "73f6ac0b30a98e433b289500d779f50c1a6f0712"
  version = "v0.1.0"

[[projects]]
  digest = "1:c3a7836b5904db0f8b609595b619916a6831cb35b8b714aec39f96d00c6155d8"
  name = "github.com/kr/text"
  packages = ["."]
  pruneopts = "NUT"
  revision = "e2ffdb16a802fe2bb95e2e35ff34f0e53aeef34f"
  version = "v0.1.0"

[[projects]]
  digest = "1:32c45107d229b1cf9129e56fe1fabc14c5cac0fc7ce1b0d51bf53bbfde7e84c3"
  name = "github.com/kshvakov/clickhouse"
  packages = [
    ".",
    "lib/binary",
    "lib/column",
    "lib/data",
    "lib/protocol",
    "lib/types",
    "lib/writebuffer",
  ]
  pruneopts = "NUT"
  revision = "5572ee69225d9a4fdacb5e385b8b03b13c077426"
  version = "v1.3.5"

[[projects]]
  digest = "1:d244f8666a838fe6ad70ec8fe77f50ebc29fdc3331a2729ba5886bef8435d10d"
  name = "github.com/magiconair/properties"
  packages = ["."]
  pruneopts = "NUT"
  revision = "c2353362d570a7bfa228149c62842019201cfb71"
  version = "v1.8.0"

[[projects]]
  digest = "1:f9f72e583aaacf1d1ac5d6121abd4afd3c690baa9e14e1d009df26bf831ba347"
  name = "github.com/mitchellh/go-homedir"
  packages = ["."]
  pruneopts = "NUT"
  revision = "af06845cf3004701891bf4fdb884bfe4920b3727"
  version = "v1.1.0"

[[projects]]
  digest = "1:a45ae66dea4c899d79fceb116accfa1892105c251f0dcd9a217ddc276b42ec68"
  name = "github.com/mitchellh/mapstructure"
  packages = ["."]
  pruneopts = "NUT"
  revision = "3536a929edddb9a5b34bd6861dc4a9647cb459fe"
  version = "v1.1.2"

[[projects]]
  digest = "1:51ea800cff51752ff68e12e04106f5887b4daec6f9356721238c28019f0b42db"
  name = "github.com/pelletier/go-toml"
  packages = ["."]
  pruneopts = "NUT"
  revision = "c01d1270ff3e442a8a57cddc1c92dc1138598194"
  version = "v1.2.0"

[[projects]]
  digest = "1:90cf76d709ce9b057e7d75bd245bf7c1242d21ba4f908fb22c7a2a96d1dcc0ca"
  name = "github.com/spf13/afero"
  packages = [
    ".",
    "mem",
  ]
  pruneopts = "NUT"
  revision = "f4711e4db9e9a1d3887343acb72b2bbfc2f686f5"
  version = "v1.2.1"

[[projects]]
  digest = "1:c5e6b121ef3d2043505edaf4c80e5a008cec2513dc8804795eb0479d1555bcf7"
  name = "github.com/spf13/cast"
  packages = ["."]
  pruneopts = "NUT"
  revision = "8c9545af88b134710ab1cd196795e7f2388358d7"
  version = "v1.3.0"

[[projects]]
  digest = "1:343d44e06621142ab09ae0c76c1799104cdfddd3ffb445d78b1adf8dc3ffaf3d"
  name = "github.com/spf13/cobra"
  packages = ["."]
  pruneopts = "NUT"
  revision = "ef82de70bb3f60c65fb8eebacbb2d122ef517385"
  version = "v0.0.3"

[[projects]]
  digest = "1:f29f83301ed096daed24a90f4af591b7560cb14b9cc3e1827abbf04db7269ab5"
  name = "github.com/spf13/jwalterweatherman"
  packages = ["."]
  pruneopts = "NUT"
  revision = "4a4406e478ca629068e7768fc33f3f044173c0a6"
  version = "v1.0.0"

[[projects]]
  digest = "1:9d8420bbf131d1618bde6530af37c3799340d3762cc47210c1d9532a4c3a2779"
  name = "github.com/spf13/pflag"
  packages = ["."]
  pruneopts = "NUT"
  revision = "298182f68c66c05229eb03ac171abe6e309ee79a"
  version = "v1.0.3"

[[projects]]
  digest = "1:e11ca20a245c80885b5777d7918a2a57d464556f3f1a61be5524e3972eea7ca2"
  name = "github.com/spf13/viper"
  packages = ["."]
  pruneopts = "NUT"
  revision = "6d33b5a963d922d182c91e8a1c88d81fd150cfd4"
  version = "v1.3.1"

[[projects]]
  digest = "1:016c43a85a8941df73d003f1baaf314bf9b46f81216c0770eadc723ec3af1d75"
  name = "go.opencensus.io"
  packages = [
    ".",
    "exemplar",
    "internal",
    "internal/tagencoding",
    "plugin/ochttp",
    "plugin/ochttp/propagation/b3",
    "stats",
    "stats/internal",
    "stats/view",
    "tag",
    "trace",
    "trace/internal",
    "trace/propagation",
    "trace/tracestate",
  ]
  pruneopts = "NUT"
  revision = "2b5032d79456124f42db6b7eb19ac6c155449dc2"
  version = "v0.19.0"

[[projects]]
  branch = "master"
  digest = "1:7c35448236ff7720a4c38f0b2d8221c6d288dc92a19f4b5dbabd0def65e60664"
  name = "golang.org/x/net"
  packages = [
    "context",
    "context/ctxhttp",
    "http/httpguts",
    "http2",
    "http2/hpack",
    "idna",
    "internal/timeseries",
    "trace",
  ]
  pruneopts = "NUT"
  revision = "92fc7df08ae7536330f5a21328292abfa70520a8"

[[projects]]
  branch = "master"
  digest = "1:17ee74a4d9b6078611784b873cdbfe91892d2c73052c430724e66fcc015b6c7b"
  name = "golang.org/x/oauth2"
  packages = [
    ".",
    "google",
    "internal",
    "jws",
    "jwt",
  ]
  pruneopts = "NUT"
  revision = "e64efc72b421e893cbf63f17ba2221e7d6d0b0f3"

[[projects]]
  branch = "master"
  digest = "1:0fe83e0566880bb72802c5cb87f5b5049d495f3f34132cae075d6b98a040a6fe"
  name = "golang.org/x/sys"
  packages = ["unix"]
  pruneopts = "NUT"
  revision = "a34e9553db1e492c9a76e60db2296ae7e5fbb772"

[[projects]]
  digest = "1:e7071ed636b5422cc51c0e3a6cebc229d6c9fffc528814b519a980641422d619"
  name = "golang.org/x/text"
  packages = [
    "collate",
    "collate/build",
    "internal/colltab",
    "internal/gen",
    "internal/tag",
    "internal/triegen",
    "internal/ucd",
    "language",
    "secure/bidirule",
    "transform",
    "unicode/bidi",
    "unicode/cldr",
    "unicode/norm",
    "unicode/rangetable",
  ]
  pruneopts = "NUT"
  revision = "f21a4dfb5e38f5895301dc265a8def02365cc3d0"
  version = "v0.3.0"

[[projects]]
  digest = "1:66625df1bf3cbdea50e4cc38df53e72af489d8d95b604d6f42a7997acb4cb07c"
  name = "google.golang.org/api"
  packages = [
    "bigquery/v2",
    "gensupport",
    "googleapi",
    "googleapi/internal/uritemplates",
    "googleapi/transport",
    "internal",
    "iterator",
    "option",
    "storage/v1",
    "transport/http",
    "transport/http/internal/propagation",
  ]
  pruneopts = "NUT"
  revision = "19e022d8cf43ce81f046bae8cc18c5397cc7732f"
  version = "v0.1.0"

[[projects]]
  digest = "1:55c735e000d1eef22b3c2f3226447489bafa33f0159dfece150279d2f9e25f7c"
  name = "google.golang.org/appengine"
  packages = [
    ".",
    "cloudsql",
    "internal",
    "internal/app_identity",
    "internal/base",
    "internal/datastore",
    "internal/log",
    "internal/modules",
    "internal/remote_api",
    "internal/urlfetch",
    "urlfetch",
  ]
  pruneopts = "NUT"
  revision = "e9657d882bb81064595ca3b56cbe2546bbabf7b1"
  version = "v1.4.0"

[[projects]]
  branch = "master"
  digest = "1:748c4239871baacece385ab10eb7a20606e088323dc7b787600d65463bfc491b"
  name = "google.golang.org/genproto"
  packages = [
    "googleapis/api/annotations",
    "googleapis/iam/v1",
    "googleapis/rpc/code",
    "googleapis/rpc/status",
  ]
  pruneopts = "NUT"
  revision = "4f5b463f9597cbe0dd13a6a2cd4f85e788d27508"

[[projects]]
  digest = "1:f2df7088cd31687fdce0f2eee853682416bf1e70baa487094913e3881f1f12f8"
  name = "google.golang.org/grpc"
  packages = [
    ".",
    "balancer",
    "balancer/base",
    "balancer/roundrobin",
    "binarylog/grpc_binarylog_v1",
    "codes",
    "connectivity",
    "credentials",
    "credentials/internal",
    "encoding",
    "encoding/proto",
    "grpclog",
    "internal",
    "internal/backoff",
    "internal/binarylog",
    "internal/channelz",
    "internal/envconfig",
    "internal/grpcrand",
    "internal/grpcsync",
    "internal/syscall",
    "internal/transport",
    "keepalive",
    "metadata",
    "naming",
    "peer",
    "resolver",
    "resolver/dns",
    "resolver/passthrough",
    "stats",
    "status",
    "tap",
  ]
  pruneopts = "NUT"
  revision = "2fdaae294f38ed9a121193c51ec99fecd3b13eb7"
  version = "v1.19.0"

[[projects]]
  digest = "1:4691713ba89ab98bb4948437b259e624e4496a6cdfa18ee35c2cad63ae2f550e"
  name = "gopkg.in/linkedin/goavro.v2"
  packages = ["."]
  pruneopts = "NUT"
  revision = "af12b3c46392134a7db8c1a8b6c6a33419fab0ea"
  version = "v2.7.2"

[[projects]]
  digest = "1:18108594151654e9e696b27b181b953f9a90b16bf14d253dd1b397b025a1487f"
  name = "gopkg.in/yaml.v2"
  packages = ["."]
  pruneopts = "NUT"
  revision = "51d6538a90f86fe93ac480b35f37b2be17fef232"
  version = "v2.2.2"

[solve-meta]
  analyzer-name = "dep"
  analyzer-version = 1
  input-imports = [
    "cloud.google.com/go/bigquery",
    "cloud.google.com/go/storage",
    "github.com/go-sql-driver/mysql",
    "github.com/influxdata/influxdb/client",
    "github.com/jmoiron/sqlx",
    "github.com/kr/pretty",
    "github.com/kshvakov/clickhouse",
    "github.com/mitchellh/go-homedir",
    "github.com/spf13/cobra",
    "github.com/spf13/viper",
    "gopkg.in/linkedin/goavro.v2",
  ]
  solver-name = "gps-cdcl"
  solver-version = 1
